
Microsoft Visual Studio Solution File, Format Version 12.00
# Visual Studio Version 17
VisualStudioVersion = 17.5.33516.290
MinimumVisualStudioVersion = 10.0.40219.1
Project("{2150E333-8FDC-42A3-9474-1A3956D46DE8}") = "Test", "Test", "{1626D085-3DA6-4D7A-96CA-07ADB1CD49EF}"
EndProject
Project("{FAE04EC0-301F-11D3-BF4B-00C04F79EFBC}") = "FlowType.Test.Unit", "FlowType.Test.Unit\FlowType.Test.Unit.csproj", "{14CCF2EC-694D-42F6-8E13-AD9F764F2B62}"
EndProject
Global
	GlobalSection(SolutionConfigurationPlatforms) = preSolution
		Debug|Any CPU = Debug|Any CPU
		Release|Any CPU = Release|Any CPU
	EndGlobalSection
	GlobalSection(ProjectConfigurationPlatforms) = postSolution
		{14CCF2EC-694D-42F6-8E13-AD9F764F2B62}.Debug|Any CPU.ActiveCfg = Debug|Any CPU
		{14CCF2EC-694D-42F6-8E13-AD9F764F2B62}.Debug|Any CPU.Build.0 = Debug|Any CPU
		{14CCF2EC-694D-42F6-8E13-AD9F764F2B62}.Release|Any CPU.ActiveCfg = Release|Any CPU
		{14CCF2EC-694D-42F6-8E13-AD9F764F2B62}.Release|Any CPU.Build.0 = Release|Any CPU
	EndGlobalSection
	GlobalSection(SolutionProperties) = preSolution
		HideSolutionNode = FALSE
	EndGlobalSection
	GlobalSection(NestedProjects) = preSolution
		{14CCF2EC-694D-42F6-8E13-AD9F764F2B62} = {1626D085-3DA6-4D7A-96CA-07ADB1CD49EF}
	EndGlobalSection
	GlobalSection(ExtensibilityGlobals) = postSolution
		SolutionGuid = {B9A5153C-1060-4F99-838C-5D7F91157A24}
	EndGlobalSection
EndGlobal
